
Microsoft Visual Studio Solution File, Format Version 12.00
# Visual Studio Version 17
VisualStudioVersion = 17.3.32804.467
MinimumVisualStudioVersion = 10.0.40219.1
Project("{FAE04EC0-301F-11D3-BF4B-00C04F79EFBC}") = "BlazingAppleConsumer.TwitterServerless", "BlazingAppleConsumer.TwitterServerless\BlazingAppleConsumer.TwitterServerless.csproj", "{774B90AA-C57F-45CC-BF53-210C806F6C97}"
EndProject
Global
	GlobalSection(SolutionConfigurationPlatforms) = preSolution
		Debug|Any CPU = Debug|Any CPU
		Release|Any CPU = Release|Any CPU
	EndGlobalSection
	GlobalSection(ProjectConfigurationPlatforms) = postSolution
		{774B90AA-C57F-45CC-BF53-210C806F6C97}.Debug|Any CPU.ActiveCfg = Debug|Any CPU
		{774B90AA-C57F-45CC-BF53-210C806F6C97}.Debug|Any CPU.Build.0 = Debug|Any CPU
		{774B90AA-C57F-45CC-BF53-210C806F6C97}.Release|Any CPU.ActiveCfg = Release|Any CPU
		{774B90AA-C57F-45CC-BF53-210C806F6C97}.Release|Any CPU.Build.0 = Release|Any CPU
	EndGlobalSection
	GlobalSection(SolutionProperties) = preSolution
		HideSolutionNode = FALSE
	EndGlobalSection
	GlobalSection(ExtensibilityGlobals) = postSolution
		SolutionGuid = {0329833B-91CC-4B35-B805-D7F969C2D719}
	EndGlobalSection
EndGlobal
